{
  "requires": true,
  "lockfileVersion": 1,
  "dependencies": {
    "d3-format-india": {
      "version": "0.0.1",
      "resolved": "https://registry.npmjs.org/d3-format-india/-/d3-format-india-0.0.1.tgz",
      "integrity": "sha512-lCAGnmb5m2zhhDzpQDW6uVaoYMH2j2yT3W+tKiwKjBm5eD8xpR5XtsKIHdacVdiimGsgtv+j4p7SCqQgTG7H1A=="
    }
  }
}
